
Microsoft Visual Studio Solution File, Format Version 12.00
# Visual Studio Version 16
VisualStudioVersion = 16.0.30517.126
MinimumVisualStudioVersion = 10.0.40219.1
Project("{FAE04EC0-301F-11D3-BF4B-00C04F79EFBC}") = "Login database", "Login database\Login database.csproj", "{D4316AC6-2402-4645-B6E9-E0541E7CB607}"
EndProject
Global
	GlobalSection(SolutionConfigurationPlatforms) = preSolution
		Debug|Any CPU = Debug|Any CPU
		Release|Any CPU = Release|Any CPU
	EndGlobalSection
	GlobalSection(ProjectConfigurationPlatforms) = postSolution
		{D4316AC6-2402-4645-B6E9-E0541E7CB607}.Debug|Any CPU.ActiveCfg = Debug|Any CPU
		{D4316AC6-2402-4645-B6E9-E0541E7CB607}.Debug|Any CPU.Build.0 = Debug|Any CPU
		{D4316AC6-2402-4645-B6E9-E0541E7CB607}.Release|Any CPU.ActiveCfg = Release|Any CPU
		{D4316AC6-2402-4645-B6E9-E0541E7CB607}.Release|Any CPU.Build.0 = Release|Any CPU
	EndGlobalSection
	GlobalSection(SolutionProperties) = preSolution
		HideSolutionNode = FALSE
	EndGlobalSection
	GlobalSection(ExtensibilityGlobals) = postSolution
		SolutionGuid = {4004901F-4E4E-41C1-90E8-34A938499612}
	EndGlobalSection
EndGlobal
